// !$*UTF8*$!
{
	archiveVersion = 1;
	classes = {
	};
	objectVersion = 46;
	objects = {

/* Begin PBXBuildFile section */
		3FEFF3A21BC435EF005999C1 /* main.m in Sources */ = {isa = PBXBuildFile; fileRef = 3FEFF3A11BC435EF005999C1 /* main.m */; };
		3FEFF3A51BC435EF005999C1 /* AppDelegate.m in Sources */ = {isa = PBXBuildFile; fileRef = 3FEFF3A41BC435EF005999C1 /* AppDelegate.m */; };
		3FEFF3A81BC435EF005999C1 /* ViewController.m in Sources */ = {isa = PBXBuildFile; fileRef = 3FEFF3A71BC435EF005999C1 /* ViewController.m */; };
		3FEFF3AB1BC435EF005999C1 /* Main.storyboard in Resources */ = {isa = PBXBuildFile; fileRef = 3FEFF3A91BC435EF005999C1 /* Main.storyboard */; };
		3FEFF3AD1BC435EF005999C1 /* Images.xcassets in Resources */ = {isa = PBXBuildFile; fileRef = 3FEFF3AC1BC435EF005999C1 /* Images.xcassets */; };
		3FEFF3B01BC435EF005999C1 /* LaunchScreen.xib in Resources */ = {isa = PBXBuildFile; fileRef = 3FEFF3AE1BC435EF005999C1 /* LaunchScreen.xib */; };
		3FEFF3BC1BC435F0005999C1 /* AutolayoutTests.m in Sources */ = {isa = PBXBuildFile; fileRef = 3FEFF3BB1BC435F0005999C1 /* AutolayoutTests.m */; };
/* End PBXBuildFile section */

/* Begin PBXContainerItemProxy section */
		3FEFF3B61BC435F0005999C1 /* PBXContainerItemProxy */ = {
			isa = PBXContainerItemProxy;
			containerPortal = 3FEFF3941BC435EF005999C1 /* Project object */;
			proxyType = 1;
			remoteGlobalIDString = 3FEFF39B1BC435EF005999C1;
			remoteInfo = Autolayout;
		};
/* End PBXContainerItemProxy section */

/* Begin PBXFileReference section */
		3FEFF39C1BC435EF005999C1 /* Autolayout.app */ = {isa = PBXFileReference; explicitFileType = wrapper.application; includeInIndex = 0; path = Autolayout.app; sourceTree = BUILT_PRODUCTS_DIR; };
		3FEFF3A01BC435EF005999C1 /* Info.plist */ = {isa = PBXFileReference; lastKnownFileType = text.plist.xml; path = Info.plist; sourceTree = "<group>"; };
		3FEFF3A11BC435EF005999C1 /* main.m */ = {isa = PBXFileReference; lastKnownFileType = sourcecode.c.objc; path = main.m; sourceTree = "<group>"; };
		3FEFF3A31BC435EF005999C1 /* AppDelegate.h */ = {isa = PBXFileReference; lastKnownFileType = sourcecode.c.h; path = AppDelegate.h; sourceTree = "<group>"; };
		3FEFF3A41BC435EF005999C1 /* AppDelegate.m */ = {isa = PBXFileReference; lastKnownFileType = sourcecode.c.objc; path = AppDelegate.m; sourceTree = "<group>"; };
		3FEFF3A61BC435EF005999C1 /* ViewController.h */ = {isa = PBXFileReference; lastKnownFileType = sourcecode.c.h; path = ViewController.h; sourceTree = "<group>"; };
		3FEFF3A71BC435EF005999C1 /* ViewController.m */ = {isa = PBXFileReference; lastKnownFileType = sourcecode.c.objc; path = ViewController.m; sourceTree = "<group>"; };
		3FEFF3AA1BC435EF005999C1 /* Base */ = {isa = PBXFileReference; lastKnownFileType = file.storyboard; name = Base; path = Base.lproj/Main.storyboard; sourceTree = "<group>"; };
		3FEFF3AC1BC435EF005999C1 /* Images.xcassets */ = {isa = PBXFileReference; lastKnownFileType = folder.assetcatalog; path = Images.xcassets; sourceTree = "<group>"; };
		3FEFF3AF1BC435EF005999C1 /* Base */ = {isa = PBXFileReference; lastKnownFileType = file.xib; name = Base; path = Base.lproj/LaunchScreen.xib; sourceTree = "<group>"; };
		3FEFF3B51BC435F0005999C1 /* AutolayoutTests.xctest */ = {isa = PBXFileReference; explicitFileType = wrapper.cfbundle; includeInIndex = 0; path = AutolayoutTests.xctest; sourceTree = BUILT_PRODUCTS_DIR; };
		3FEFF3BA1BC435F0005999C1 /* Info.plist */ = {isa = PBXFileReference; lastKnownFileType = text.plist.xml; path = Info.plist; sourceTree = "<group>"; };
		3FEFF3BB1BC435F0005999C1 /* AutolayoutTests.m */ = {isa = PBXFileReference; lastKnownFileType = sourcecode.c.objc; path = AutolayoutTests.m; sourceTree = "<group>"; };
/* End PBXFileReference section */

/* Begin PBXFrameworksBuildPhase section */
		3FEFF3991BC435EF005999C1 /* Frameworks */ = {
			isa = PBXFrameworksBuildPhase;
			buildActionMask = 2147483647;
			files = (
			);
			runOnlyForDeploymentPostprocessing = 0;
		};
		3FEFF3B21BC435F0005999C1 /* Frameworks */ = {
			isa = PBXFrameworksBuildPhase;
			buildActionMask = 2147483647;
			files = (
			);
			runOnlyForDeploymentPostprocessing = 0;
		};
/* End PBXFrameworksBuildPhase section */

/* Begin PBXGroup section */
		3FEFF3931BC435EF005999C1 = {
			isa = PBXGroup;
			children = (
				3FEFF39E1BC435EF005999C1 /* Autolayout */,
				3FEFF3B81BC435F0005999C1 /* AutolayoutTests */,
				3FEFF39D1BC435EF005999C1 /* Products */,
			);
			sourceTree = "<group>";
		};
		3FEFF39D1BC435EF005999C1 /* Products */ = {
			isa = PBXGroup;
			children = (
				3FEFF39C1BC435EF005999C1 /* Autolayout.app */,
				3FEFF3B51BC435F0005999C1 /* AutolayoutTests.xctest */,
			);
			name = Products;
			sourceTree = "<group>";
		};
		3FEFF39E1BC435EF005999C1 /* Autolayout */ = {
			isa = PBXGroup;
			children = (
				3FEFF3A31BC435EF005999C1 /* AppDelegate.h */,
				3FEFF3A41BC435EF005999C1 /* AppDelegate.m */,
				3FEFF3A61BC435EF005999C1 /* ViewController.h */,
				3FEFF3A71BC435EF005999C1 /* ViewController.m */,
				3FEFF3A91BC435EF005999C1 /* Main.storyboard */,
				3FEFF3AC1BC435EF005999C1 /* Images.xcassets */,
				3FEFF3AE1BC435EF005999C1 /* LaunchScreen.xib */,
				3FEFF39F1BC435EF005999C1 /* Supporting Files */,
			);
			path = Autolayout;
			sourceTree = "<group>";
		};
		3FEFF39F1BC435EF005999C1 /* Supporting Files */ = {
			isa = PBXGroup;
			children = (
				3FEFF3A01BC435EF005999C1 /* Info.plist */,
				3FEFF3A11BC435EF005999C1 /* main.m */,
			);
			name = "Supporting Files";
			sourceTree = "<group>";
		};
		3FEFF3B81BC435F0005999C1 /* AutolayoutTests */ = {
			isa = PBXGroup;
			children = (
				3FEFF3BB1BC435F0005999C1 /* AutolayoutTests.m */,
				3FEFF3B91BC435F0005999C1 /* Supporting Files */,
			);
			path = AutolayoutTests;
			sourceTree = "<group>";
		};
		3FEFF3B91BC435F0005999C1 /* Supporting Files */ = {
			isa = PBXGroup;
			children = (
				3FEFF3BA1BC435F0005999C1 /* Info.plist */,
			);
			name = "Supporting Files";
			sourceTree = "<group>";
		};
/* End PBXGroup section */

/* Begin PBXNativeTarget section */
		3FEFF39B1BC435EF005999C1 /* Autolayout */ = {
			isa = PBXNativeTarget;
			buildConfigurationList = 3FEFF3BF1BC435F0005999C1 /* Build configuration list for PBXNativeTarget "Autolayout" */;
			buildPhases = (
				3FEFF3981BC435EF005999C1 /* Sources */,
				3FEFF3991BC435EF005999C1 /* Frameworks */,
				3FEFF39A1BC435EF005999C1 /* Resources */,
			);
			buildRules = (
			);
			dependencies = (
			);
			name = Autolayout;
			productName = Autolayout;
			productReference = 3FEFF39C1BC435EF005999C1 /* Autolayout.app */;
			productType = "com.apple.product-type.application";
		};
		3FEFF3B41BC435F0005999C1 /* AutolayoutTests */ = {
			isa = PBXNativeTarget;
			buildConfigurationList = 3FEFF3C21BC435F0005999C1 /* Build configuration list for PBXNativeTarget "AutolayoutTests" */;
			buildPhases = (
				3FEFF3B11BC435F0005999C1 /* Sources */,
				3FEFF3B21BC435F0005999C1 /* Frameworks */,
				3FEFF3B31BC435F0005999C1 /* Resources */,
			);
			buildRules = (
			);
			dependencies = (
				3FEFF3B71BC435F0005999C1 /* PBXTargetDependency */,
			);
			name = AutolayoutTests;
			productName = AutolayoutTests;
			productReference = 3FEFF3B51BC435F0005999C1 /* AutolayoutTests.xctest */;
			productType = "com.apple.product-type.bundle.unit-test";
		};
/* End PBXNativeTarget section */

/* Begin PBXProject section */
		3FEFF3941BC435EF005999C1 /* Project object */ = {
			isa = PBXProject;
			attributes = {
				LastUpgradeCheck = 0630;
				ORGANIZATIONNAME = "小太爷";
				TargetAttributes = {
					3FEFF39B1BC435EF005999C1 = {
						CreatedOnToolsVersion = 6.3.1;
					};
					3FEFF3B41BC435F0005999C1 = {
						CreatedOnToolsVersion = 6.3.1;
						TestTargetID = 3FEFF39B1BC435EF005999C1;
					};
				};
			};
			buildConfigurationList = 3FEFF3971BC435EF005999C1 /* Build configuration list for PBXProject "Autolayout" */;
			compatibilityVersion = "Xcode 3.2";
			developmentRegion = English;
			hasScannedForEncodings = 0;
			knownRegions = (
				en,
				Base,
			);
			mainGroup = 3FEFF3931BC435EF005999C1;
			productRefGroup = 3FEFF39D1BC435EF005999C1 /* Products */;
			projectDirPath = "";
			projectRoot = "";
			targets = (
				3FEFF39B1BC435EF005999C1 /* Autolayout */,
				3FEFF3B41BC435F0005999C1 /* AutolayoutTests */,
			);
		};
/* End PBXProject section */

/* Begin PBXResourcesBuildPhase section */
		3FEFF39A1BC435EF005999C1 /* Resources */ = {
			isa = PBXResourcesBuildPhase;
			buildActionMask = 2147483647;
			files = (
				3FEFF3AB1BC435EF005999C1 /* Main.storyboard in Resources */,
				3FEFF3B01BC435EF005999C1 /* LaunchScreen.xib in Resources */,
				3FEFF3AD1BC435EF005999C1 /* Images.xcassets in Resources */,
			);
			runOnlyForDeploymentPostprocessing = 0;
		};
		3FEFF3B31BC435F0005999C1 /* Resources */ = {
			isa = PBXResourcesBuildPhase;
			buildActionMask = 2147483647;
			files = (
			);
			runOnlyForDeploymentPostprocessing = 0;
		};
/* End PBXResourcesBuildPhase section */

/* Begin PBXSourcesBuildPhase section */
		3FEFF3981BC435EF005999C1 /* Sources */ = {
			isa = PBXSourcesBuildPhase;
			buildActionMask = 2147483647;
			files = (
				3FEFF3A81BC435EF005999C1 /* ViewController.m in Sources */,
				3FEFF3A51BC435EF005999C1 /* AppDelegate.m in Sources */,
				3FEFF3A21BC435EF005999C1 /* main.m in Sources */,
			);
			runOnlyForDeploymentPostprocessing = 0;
		};
		3FEFF3B11BC435F0005999C1 /* Sources */ = {
			isa = PBXSourcesBuildPhase;
			buildActionMask = 2147483647;
			files = (
				3FEFF3BC1BC435F0005999C1 /* AutolayoutTests.m in Sources */,
			);
			runOnlyForDeploymentPostprocessing = 0;
		};
/* End PBXSourcesBuildPhase section */

/* Begin PBXTargetDependency section */
		3FEFF3B71BC435F0005999C1 /* PBXTargetDependency */ = {
			isa = PBXTargetDependency;
			target = 3FEFF39B1BC435EF005999C1 /* Autolayout */;
			targetProxy = 3FEFF3B61BC435F0005999C1 /* PBXContainerItemProxy */;
		};
/* End PBXTargetDependency section */

/* Begin PBXVariantGroup section */
		3FEFF3A91BC435EF005999C1 /* Main.storyboard */ = {
			isa = PBXVariantGroup;
			children = (
				3FEFF3AA1BC435EF005999C1 /* Base */,
			);
			name = Main.storyboard;
			sourceTree = "<group>";
		};
		3FEFF3AE1BC435EF005999C1 /* LaunchScreen.xib */ = {
			isa = PBXVariantGroup;
			children = (
				3FEFF3AF1BC435EF005999C1 /* Base */,
			);
			name = LaunchScreen.xib;
			sourceTree = "<group>";
		};
/* End PBXVariantGroup section */

/* Begin XCBuildConfiguration section */
		3FEFF3BD1BC435F0005999C1 /* Debug */ = {
			isa = XCBuildConfiguration;
			buildSettings = {
				ALWAYS_SEARCH_USER_PATHS = NO;
				CLANG_CXX_LANGUAGE_STANDARD = "gnu++0x";
				CLANG_CXX_LIBRARY = "libc++";
				CLANG_ENABLE_MODULES = YES;
				CLANG_ENABLE_OBJC_ARC = YES;
				CLANG_WARN_BOOL_CONVERSION = YES;
				CLANG_WARN_CONSTANT_CONVERSION = YES;
				CLANG_WARN_DIRECT_OBJC_ISA_USAGE = YES_ERROR;
				CLANG_WARN_EMPTY_BODY = YES;
				CLANG_WARN_ENUM_CONVERSION = YES;
				CLANG_WARN_INT_CONVERSION = YES;
				CLANG_WARN_OBJC_ROOT_CLASS = YES_ERROR;
				CLANG_WARN_UNREACHABLE_CODE = YES;
				CLANG_WARN__DUPLICATE_METHOD_MATCH = YES;
				"CODE_SIGN_IDENTITY[sdk=iphoneos*]" = "iPhone Developer";
				COPY_PHASE_STRIP = NO;
				DEBUG_INFORMATION_FORMAT = "dwarf-with-dsym";
				ENABLE_STRICT_OBJC_MSGSEND = YES;
				GCC_C_LANGUAGE_STANDARD = gnu99;
				GCC_DYNAMIC_NO_PIC = NO;
				GCC_NO_COMMON_BLOCKS = YES;
				GCC_OPTIMIZATION_LEVEL = 0;
				GCC_PREPROCESSOR_DEFINITIONS = (
					"DEBUG=1",
					"$(inherited)",
				);
				GCC_SYMBOLS_PRIVATE_EXTERN = NO;
				GCC_WARN_64_TO_32_BIT_CONVERSION = YES;
				GCC_WARN_ABOUT_RETURN_TYPE = YES_ERROR;
				GCC_WARN_UNDECLARED_SELECTOR = YES;
				GCC_WARN_UNINITIALIZED_AUTOS = YES_AGGRESSIVE;
				GCC_WARN_UNUSED_FUNCTION = YES;
				GCC_WARN_UNUSED_VARIABLE = YES;
				IPHONEOS_DEPLOYMENT_TARGET = 8.3;
				MTL_ENABLE_DEBUG_INFO = YES;
				ONLY_ACTIVE_ARCH = YES;
				SDKROOT = iphoneos;
			};
			name = Debug;
		};
		3FEFF3BE1BC435F0005999C1 /* Release */ = {
			isa = XCBuildConfiguration;
			buildSettings = {
				ALWAYS_SEARCH_USER_PATHS = NO;
				CLANG_CXX_LANGUAGE_STANDARD = "gnu++0x";
				CLANG_CXX_LIBRARY = "libc++";
				CLANG_ENABLE_MODULES = YES;
				CLANG_ENABLE_OBJC_ARC = YES;
				CLANG_WARN_BOOL_CONVERSION = YES;
				CLANG_WARN_CONSTANT_CONVERSION = YES;
				CLANG_WARN_DIRECT_OBJC_ISA_USAGE = YES_ERROR;
				CLANG_WARN_EMPTY_BODY = YES;
				CLANG_WARN_ENUM_CONVERSION = YES;
				CLANG_WARN_INT_CONVERSION = YES;
				CLANG_WARN_OBJC_ROOT_CLASS = YES_ERROR;
				CLANG_WARN_UNREACHABLE_CODE = YES;
				CLANG_WARN__DUPLICATE_METHOD_MATCH = YES;
				"CODE_SIGN_IDENTITY[sdk=iphoneos*]" = "iPhone Developer";
				COPY_PHASE_STRIP = NO;
				DEBUG_INFORMATION_FORMAT = "dwarf-with-dsym";
				ENABLE_NS_ASSERTIONS = NO;
				ENABLE_STRICT_OBJC_MSGSEND = YES;
				GCC_C_LANGUAGE_STANDARD = gnu99;
				GCC_NO_COMMON_BLOCKS = YES;
				GCC_WARN_64_TO_32_BIT_CONVERSION = YES;
				GCC_WARN_ABOUT_RETURN_TYPE = YES_ERROR;
				GCC_WARN_UNDECLARED_SELECTOR = YES;
				GCC_WARN_UNINITIALIZED_AUTOS = YES_AGGRESSIVE;
				GCC_WARN_UNUSED_FUNCTION = YES;
				GCC_WARN_UNUSED_VARIABLE = YES;
				IPHONEOS_DEPLOYMENT_TARGET = 8.3;
				MTL_ENABLE_DEBUG_INFO = NO;
				SDKROOT = iphoneos;
				VALIDATE_PRODUCT = YES;
			};
			name = Release;
		};
		3FEFF3C01BC435F0005999C1 /* Debug */ = {
			isa = XCBuildConfiguration;
			buildSettings = {
				ASSETCATALOG_COMPILER_APPICON_NAME = AppIcon;
				INFOPLIST_FILE = Autolayout/Info.plist;
				LD_RUNPATH_SEARCH_PATHS = "$(inherited) @executable_path/Frameworks";
				PRODUCT_NAME = "$(TARGET_NAME)";
			};
			name = Debug;
		};
		3FEFF3C11BC435F0005999C1 /* Release */ = {
			isa = XCBuildConfiguration;
			buildSettings = {
				ASSETCATALOG_COMPILER_APPICON_NAME = AppIcon;
				INFOPLIST_FILE = Autolayout/Info.plist;
				LD_RUNPATH_SEARCH_PATHS = "$(inherited) @executable_path/Frameworks";
				PRODUCT_NAME = "$(TARGET_NAME)";
			};
			name = Release;
		};
		3FEFF3C31BC435F0005999C1 /* Debug */ = {
			isa = XCBuildConfiguration;
			buildSettings = {
				BUNDLE_LOADER = "$(TEST_HOST)";
				FRAMEWORK_SEARCH_PATHS = (
					"$(SDKROOT)/Developer/Library/Frameworks",
					"$(inherited)",
				);
				GCC_PREPROCESSOR_DEFINITIONS = (
					"DEBUG=1",
					"$(inherited)",
				);
				INFOPLIST_FILE = AutolayoutTests/Info.plist;
				LD_RUNPATH_SEARCH_PATHS = "$(inherited) @executable_path/Frameworks @loader_path/Frameworks";
				PRODUCT_NAME = "$(TARGET_NAME)";
				TEST_HOST = "$(BUILT_PRODUCTS_DIR)/Autolayout.app/Autolayout";
			};
			name = Debug;
		};
		3FEFF3C41BC435F0005999C1 /* Release */ = {
			isa = XCBuildConfiguration;
			buildSettings = {
				BUNDLE_LOADER = "$(TEST_HOST)";
				FRAMEWORK_SEARCH_PATHS = (
					"$(SDKROOT)/Developer/Library/Frameworks",
					"$(inherited)",
				);
				INFOPLIST_FILE = AutolayoutTests/Info.plist;
				LD_RUNPATH_SEARCH_PATHS = "$(inherited) @executable_path/Frameworks @loader_path/Frameworks";
				PRODUCT_NAME = "$(TARGET_NAME)";
				TEST_HOST = "$(BUILT_PRODUCTS_DIR)/Autolayout.app/Autolayout";
			};
			name = Release;
		};
/* End XCBuildConfiguration section */

/* Begin XCConfigurationList section */
		3FEFF3971BC435EF005999C1 /* Build configuration list for PBXProject "Autolayout" */ = {
			isa = XCConfigurationList;
			buildConfigurations = (
				3FEFF3BD1BC435F0005999C1 /* Debug */,
				3FEFF3BE1BC435F0005999C1 /* Release */,
			);
			defaultConfigurationIsVisible = 0;
			defaultConfigurationName = Release;
		};
		3FEFF3BF1BC435F0005999C1 /* Build configuration list for PBXNativeTarget "Autolayout" */ = {
			isa = XCConfigurationList;
			buildConfigurations = (
				3FEFF3C01BC435F0005999C1 /* Debug */,
				3FEFF3C11BC435F0005999C1 /* Release */,
			);
			defaultConfigurationIsVisible = 0;
		};
		3FEFF3C21BC435F0005999C1 /* Build configuration list for PBXNativeTarget "AutolayoutTests" */ = {
			isa = XCConfigurationList;
			buildConfigurations = (
				3FEFF3C31BC435F0005999C1 /* Debug */,
				3FEFF3C41BC435F0005999C1 /* Release */,
			);
			defaultConfigurationIsVisible = 0;
		};
/* End XCConfigurationList section */
	};
	rootObject = 3FEFF3941BC435EF005999C1 /* Project object */;
}
